
Microsoft Visual Studio Solution File, Format Version 12.00
# Visual Studio Version 17
VisualStudioVersion = 17.5.33424.131
MinimumVisualStudioVersion = 10.0.40219.1
Project("{FAE04EC0-301F-11D3-BF4B-00C04F79EFBC}") = "2ND_SECURITY_WEB_APP", "2ND_SECURITY_WEB_APP.csproj", "{5129750F-CAE3-437C-8169-80AC653D97FD}"
EndProject
Global
	GlobalSection(SolutionConfigurationPlatforms) = preSolution
		Debug|Any CPU = Debug|Any CPU
		Release|Any CPU = Release|Any CPU
	EndGlobalSection
	GlobalSection(ProjectConfigurationPlatforms) = postSolution
		{5129750F-CAE3-437C-8169-80AC653D97FD}.Debug|Any CPU.ActiveCfg = Debug|Any CPU
		{5129750F-CAE3-437C-8169-80AC653D97FD}.Debug|Any CPU.Build.0 = Debug|Any CPU
		{5129750F-CAE3-437C-8169-80AC653D97FD}.Release|Any CPU.ActiveCfg = Release|Any CPU
		{5129750F-CAE3-437C-8169-80AC653D97FD}.Release|Any CPU.Build.0 = Release|Any CPU
	EndGlobalSection
	GlobalSection(SolutionProperties) = preSolution
		HideSolutionNode = FALSE
	EndGlobalSection
	GlobalSection(ExtensibilityGlobals) = postSolution
		SolutionGuid = {DBF095E8-39B6-43BB-B822-C8A14C75C437}
	EndGlobalSection
EndGlobal
